
Microsoft Visual Studio Solution File, Format Version 12.00
# Visual Studio Version 17
VisualStudioVersion = 17.8.34330.188
MinimumVisualStudioVersion = 10.0.40219.1
Project("{9A19103F-16F7-4668-BE54-9A1E7A4F7556}") = "DlpSecurity", "DlpSecurity.csproj", "{ECF5E02E-F312-4627-BABE-D9AA0DCD19BB}"
EndProject
Global
	GlobalSection(SolutionConfigurationPlatforms) = preSolution
		Debug|Any CPU = Debug|Any CPU
		Release|Any CPU = Release|Any CPU
	EndGlobalSection
	GlobalSection(ProjectConfigurationPlatforms) = postSolution
		{ECF5E02E-F312-4627-BABE-D9AA0DCD19BB}.Debug|Any CPU.ActiveCfg = Debug|Any CPU
		{ECF5E02E-F312-4627-BABE-D9AA0DCD19BB}.Debug|Any CPU.Build.0 = Debug|Any CPU
		{ECF5E02E-F312-4627-BABE-D9AA0DCD19BB}.Release|Any CPU.ActiveCfg = Release|Any CPU
		{ECF5E02E-F312-4627-BABE-D9AA0DCD19BB}.Release|Any CPU.Build.0 = Release|Any CPU
	EndGlobalSection
	GlobalSection(SolutionProperties) = preSolution
		HideSolutionNode = FALSE
	EndGlobalSection
	GlobalSection(ExtensibilityGlobals) = postSolution
		SolutionGuid = {2B2E1908-C8F9-4B0D-82A0-DA24A9F0ACAC}
	EndGlobalSection
EndGlobal
